
Microsoft Visual Studio Solution File, Format Version 11.00
# Visual Studio 2010
Project("{FAE04EC0-301F-11D3-BF4B-00C04F79EFBC}") = "Comel", "Comel\Comel.csproj", "{022E6C07-6A21-4D51-AF9E-7D2CE9C834F9}"
EndProject
Global
	GlobalSection(SolutionConfigurationPlatforms) = preSolution
		Debug|x86 = Debug|x86
		Release|x86 = Release|x86
	EndGlobalSection
	GlobalSection(ProjectConfigurationPlatforms) = postSolution
		{022E6C07-6A21-4D51-AF9E-7D2CE9C834F9}.Debug|x86.ActiveCfg = Debug|x86
		{022E6C07-6A21-4D51-AF9E-7D2CE9C834F9}.Debug|x86.Build.0 = Debug|x86
		{022E6C07-6A21-4D51-AF9E-7D2CE9C834F9}.Release|x86.ActiveCfg = Release|x86
		{022E6C07-6A21-4D51-AF9E-7D2CE9C834F9}.Release|x86.Build.0 = Release|x86
	EndGlobalSection
	GlobalSection(SolutionProperties) = preSolution
		HideSolutionNode = FALSE
	EndGlobalSection
EndGlobal
